<?xml version="1.0" encoding="utf-8"?>
<Project ToolsVersion="4.0" xmlns="http://schemas.microsoft.com/developer/msbuild/2003">
  <ItemGroup>
    <Filter Include="Исходные файлы">
      <UniqueIdentifier>{4FC737F1-C7A5-4376-A066-2A32D752A2FF}</UniqueIdentifier>
      <Extensions>cpp;c;cc;cxx;c++;cppm;ixx;def;odl;idl;hpj;bat;asm;asmx</Extensions>
    </Filter>
    <Filter Include="Файлы заголовков">
      <UniqueIdentifier>{93995380-89BD-4b04-88EB-625FBE52EBFB}</UniqueIdentifier>
      <Extensions>h;hh;hpp;hxx;h++;hm;inl;inc;ipp;xsd</Extensions>
    </Filter>
    <Filter Include="Файлы ресурсов">
      <UniqueIdentifier>{67DA6AB6-F800-4c08-8B7A-83BB121AAD01}</UniqueIdentifier>
      <Extensions>rc;ico;cur;bmp;dlg;rc2;rct;bin;rgs;gif;jpg;jpeg;jpe;resx;tiff;tif;png;wav;mfcribbon-ms</Extensions>
    </Filter>
    <Filter Include="Файлы заголовков\Objects">
      <UniqueIdentifier>{da9d731b-6002-4b97-83e0-0de2b4bd3754}</UniqueIdentifier>
    </Filter>
    <Filter Include="Файлы заголовков\Components">
      <UniqueIdentifier>{becf2282-a334-46b8-b7ed-9cb850427cd3}</UniqueIdentifier>
    </Filter>
    <Filter Include="Исходные файлы\Components">
      <UniqueIdentifier>{4cff347a-05a2-4d4f-9536-041447e371b9}</UniqueIdentifier>
    </Filter>
  </ItemGroup>
  <ItemGroup>
    <ClCompile Include="main.cpp">
      <Filter>Исходные файлы</Filter>
    </ClCompile>
    <ClCompile Include="tim_utils.cpp">
      <Filter>Исходные файлы</Filter>
    </ClCompile>
    <ClCompile Include="shader.cpp">
      <Filter>Исходные файлы</Filter>
    </ClCompile>
    <ClCompile Include="visual_engine.cpp">
      <Filter>Исходные файлы</Filter>
    </ClCompile>
    <ClCompile Include="scene.h">
      <Filter>Исходные файлы</Filter>
    </ClCompile>
    <ClCompile Include="core_object.cpp">
      <Filter>Исходные файлы</Filter>
    </ClCompile>
    <ClCompile Include="physics_component.cpp">
      <Filter>Исходные файлы\Components</Filter>
    </ClCompile>
    <ClCompile Include="render_component.cpp">
      <Filter>Исходные файлы\Components</Filter>
    </ClCompile>
    <ClCompile Include="simple_model.cpp">
      <Filter>Исходные файлы</Filter>
    </ClCompile>
    <ClCompile Include="game_object.cpp">
      <Filter>Исходные файлы</Filter>
    </ClCompile>
  </ItemGroup>
  <ItemGroup>
    <ClInclude Include="include\glut_backend.h">
      <Filter>Файлы заголовков</Filter>
    </ClInclude>
    <ClInclude Include="tim_utils.h">
      <Filter>Файлы заголовков</Filter>
    </ClInclude>
    <ClInclude Include="shader.h">
      <Filter>Файлы заголовков</Filter>
    </ClInclude>
    <ClInclude Include="visual_engine.h">
      <Filter>Файлы заголовков</Filter>
    </ClInclude>
    <ClInclude Include="enum.h">
      <Filter>Файлы заголовков</Filter>
    </ClInclude>
    <ClInclude Include="shader_manager.h">
      <Filter>Файлы заголовков</Filter>
    </ClInclude>
    <ClInclude Include="core_object.h">
      <Filter>Файлы заголовков\Objects</Filter>
    </ClInclude>
    <ClInclude Include="object_manager.h">
      <Filter>Файлы заголовков\Objects</Filter>
    </ClInclude>
    <ClInclude Include="physics_component.h">
      <Filter>Файлы заголовков\Components</Filter>
    </ClInclude>
    <ClInclude Include="component.h">
      <Filter>Файлы заголовков\Components</Filter>
    </ClInclude>
    <ClInclude Include="render_component.h">
      <Filter>Файлы заголовков\Components</Filter>
    </ClInclude>
    <ClInclude Include="VAOmanager.h">
      <Filter>Файлы заголовков</Filter>
    </ClInclude>
    <ClInclude Include="game_object.h">
      <Filter>Файлы заголовков\Objects</Filter>
    </ClInclude>
    <ClInclude Include="simple_model.h">
      <Filter>Файлы заголовков</Filter>
    </ClInclude>
    <ClInclude Include="collider_component.h">
      <Filter>Файлы заголовков\Components</Filter>
    </ClInclude>
  </ItemGroup>
  <ItemGroup>
    <None Include="shader.vs">
      <Filter>Исходные файлы</Filter>
    </None>
    <None Include="shader.fs">
      <Filter>Исходные файлы</Filter>
    </None>
    <None Include="ball.fs">
      <Filter>Исходные файлы</Filter>
    </None>
    <None Include="light.fs">
      <Filter>Исходные файлы</Filter>
    </None>
  </ItemGroup>
</Project>