<?xml version="1.0" encoding="utf-8"?>
<Project ToolsVersion="17.0" xmlns="http://schemas.microsoft.com/developer/msbuild/2003">
  <ItemGroup>
    <CustomBuild Include="C:\Users\Timash\Desktop\glm\glm\CMakeFiles\8d89c6f4a3958c97f45102910178bd08\PACKAGE_force.rule">
      <Filter>CMake Rules</Filter>
    </CustomBuild>
  </ItemGroup>
  <ItemGroup>
    <Filter Include="CMake Rules">
      <UniqueIdentifier>{E5BE37D5-A36E-3C74-91EB-704B479AD67E}</UniqueIdentifier>
    </Filter>
  </ItemGroup>
</Project>
